
Microsoft Visual Studio Solution File, Format Version 12.00
# Visual Studio 15
VisualStudioVersion = 15.0.28307.106
MinimumVisualStudioVersion = 10.0.40219.1
Project("{F184B08F-C81C-45F6-A57F-5ABD9991F28F}") = "WindowsApp4", "WindowsApp4\WindowsApp4.vbproj", "{281C0FF6-F35F-4449-BB93-12B3A32B7DF8}"
EndProject
Global
	GlobalSection(SolutionConfigurationPlatforms) = preSolution
		Debug|Any CPU = Debug|Any CPU
		Release|Any CPU = Release|Any CPU
	EndGlobalSection
	GlobalSection(ProjectConfigurationPlatforms) = postSolution
		{281C0FF6-F35F-4449-BB93-12B3A32B7DF8}.Debug|Any CPU.ActiveCfg = Debug|Any CPU
		{281C0FF6-F35F-4449-BB93-12B3A32B7DF8}.Debug|Any CPU.Build.0 = Debug|Any CPU
		{281C0FF6-F35F-4449-BB93-12B3A32B7DF8}.Release|Any CPU.ActiveCfg = Release|Any CPU
		{281C0FF6-F35F-4449-BB93-12B3A32B7DF8}.Release|Any CPU.Build.0 = Release|Any CPU
	EndGlobalSection
	GlobalSection(SolutionProperties) = preSolution
		HideSolutionNode = FALSE
	EndGlobalSection
	GlobalSection(ExtensibilityGlobals) = postSolution
		SolutionGuid = {200011BA-28B7-4D02-844D-5C09B170750D}
	EndGlobalSection
EndGlobal
